
Microsoft Visual Studio Solution File, Format Version 12.00
# Visual Studio Version 17
VisualStudioVersion = 17.4.33403.182
MinimumVisualStudioVersion = 10.0.40219.1
Project("{9A19103F-16F7-4668-BE54-9A1E7A4F7556}") = "HarryBlazor", "HarryBlazor\HarryBlazor.csproj", "{7D7A9D21-DF0A-4A9A-9BE6-082711AEF6D5}"
EndProject
Global
	GlobalSection(SolutionConfigurationPlatforms) = preSolution
		Debug|Any CPU = Debug|Any CPU
		Release|Any CPU = Release|Any CPU
	EndGlobalSection
	GlobalSection(ProjectConfigurationPlatforms) = postSolution
		{7D7A9D21-DF0A-4A9A-9BE6-082711AEF6D5}.Debug|Any CPU.ActiveCfg = Debug|Any CPU
		{7D7A9D21-DF0A-4A9A-9BE6-082711AEF6D5}.Debug|Any CPU.Build.0 = Debug|Any CPU
		{7D7A9D21-DF0A-4A9A-9BE6-082711AEF6D5}.Release|Any CPU.ActiveCfg = Release|Any CPU
		{7D7A9D21-DF0A-4A9A-9BE6-082711AEF6D5}.Release|Any CPU.Build.0 = Release|Any CPU
	EndGlobalSection
	GlobalSection(SolutionProperties) = preSolution
		HideSolutionNode = FALSE
	EndGlobalSection
	GlobalSection(ExtensibilityGlobals) = postSolution
		SolutionGuid = {B58E24F0-F3AA-4338-AE5E-82C395779560}
	EndGlobalSection
EndGlobal
